// !$*UTF8*$!
{
	archiveVersion = 1;
	classes = {
	};
	objectVersion = 50;
	objects = {

/* Begin PBXBuildFile section */
		2BD17F0B220DDA8B00DE15B0 /* AppDelegate.swift in Sources */ = {isa = PBXBuildFile; fileRef = 2BD17F0A220DDA8B00DE15B0 /* AppDelegate.swift */; };
		2BD17F0D220DDA8B00DE15B0 /* ViewController.swift in Sources */ = {isa = PBXBuildFile; fileRef = 2BD17F0C220DDA8B00DE15B0 /* ViewController.swift */; };
		2BD17F10220DDA8B00DE15B0 /* Main.storyboard in Resources */ = {isa = PBXBuildFile; fileRef = 2BD17F0E220DDA8B00DE15B0 /* Main.storyboard */; };
		2BD17F12220DDA8C00DE15B0 /* Assets.xcassets in Resources */ = {isa = PBXBuildFile; fileRef = 2BD17F11220DDA8C00DE15B0 /* Assets.xcassets */; };
		2BD17F15220DDA8C00DE15B0 /* LaunchScreen.storyboard in Resources */ = {isa = PBXBuildFile; fileRef = 2BD17F13220DDA8C00DE15B0 /* LaunchScreen.storyboard */; };
		2BD17F1D220DDD4200DE15B0 /* APIkeys.swift in Sources */ = {isa = PBXBuildFile; fileRef = 2BD17F1C220DDD4200DE15B0 /* APIkeys.swift */; };
/* End PBXBuildFile section */

/* Begin PBXFileReference section */
		2BD17F07220DDA8B00DE15B0 /* gitExample2.app */ = {isa = PBXFileReference; explicitFileType = wrapper.application; includeInIndex = 0; path = gitExample2.app; sourceTree = BUILT_PRODUCTS_DIR; };
		2BD17F0A220DDA8B00DE15B0 /* AppDelegate.swift */ = {isa = PBXFileReference; lastKnownFileType = sourcecode.swift; path = AppDelegate.swift; sourceTree = "<group>"; };
		2BD17F0C220DDA8B00DE15B0 /* ViewController.swift */ = {isa = PBXFileReference; lastKnownFileType = sourcecode.swift; path = ViewController.swift; sourceTree = "<group>"; };
		2BD17F0F220DDA8B00DE15B0 /* Base */ = {isa = PBXFileReference; lastKnownFileType = file.storyboard; name = Base; path = Base.lproj/Main.storyboard; sourceTree = "<group>"; };
		2BD17F11220DDA8C00DE15B0 /* Assets.xcassets */ = {isa = PBXFileReference; lastKnownFileType = folder.assetcatalog; path = Assets.xcassets; sourceTree = "<group>"; };
		2BD17F14220DDA8C00DE15B0 /* Base */ = {isa = PBXFileReference; lastKnownFileType = file.storyboard; name = Base; path = Base.lproj/LaunchScreen.storyboard; sourceTree = "<group>"; };
		2BD17F16220DDA8C00DE15B0 /* Info.plist */ = {isa = PBXFileReference; lastKnownFileType = text.plist.xml; path = Info.plist; sourceTree = "<group>"; };
		2BD17F1C220DDD4200DE15B0 /* APIkeys.swift */ = {isa = PBXFileReference; lastKnownFileType = sourcecode.swift; path = APIkeys.swift; sourceTree = "<group>"; };
/* End PBXFileReference section */

/* Begin PBXFrameworksBuildPhase section */
		2BD17F04220DDA8B00DE15B0 /* Frameworks */ = {
			isa = PBXFrameworksBuildPhase;
			buildActionMask = 2147483647;
			files = (
			);
			runOnlyForDeploymentPostprocessing = 0;
		};
/* End PBXFrameworksBuildPhase section */

/* Begin PBXGroup section */
		2BD17EFE220DDA8B00DE15B0 = {
			isa = PBXGroup;
			children = (
				2BD17F09220DDA8B00DE15B0 /* gitExample2 */,
				2BD17F08220DDA8B00DE15B0 /* Products */,
			);
			sourceTree = "<group>";
		};
		2BD17F08220DDA8B00DE15B0 /* Products */ = {
			isa = PBXGroup;
			children = (
				2BD17F07220DDA8B00DE15B0 /* gitExample2.app */,
			);
			name = Products;
			sourceTree = "<group>";
		};
		2BD17F09220DDA8B00DE15B0 /* gitExample2 */ = {
			isa = PBXGroup;
			children = (
				2BD17F1C220DDD4200DE15B0 /* APIkeys.swift */,
				2BD17F0A220DDA8B00DE15B0 /* AppDelegate.swift */,
				2BD17F0C220DDA8B00DE15B0 /* ViewController.swift */,
				2BD17F0E220DDA8B00DE15B0 /* Main.storyboard */,
				2BD17F11220DDA8C00DE15B0 /* Assets.xcassets */,
				2BD17F13220DDA8C00DE15B0 /* LaunchScreen.storyboard */,
				2BD17F16220DDA8C00DE15B0 /* Info.plist */,
			);
			path = gitExample2;
			sourceTree = "<group>";
		};
/* End PBXGroup section */

/* Begin PBXNativeTarget section */
		2BD17F06220DDA8B00DE15B0 /* gitExample2 */ = {
			isa = PBXNativeTarget;
			buildConfigurationList = 2BD17F19220DDA8C00DE15B0 /* Build configuration list for PBXNativeTarget "gitExample2" */;
			buildPhases = (
				2BD17F03220DDA8B00DE15B0 /* Sources */,
				2BD17F04220DDA8B00DE15B0 /* Frameworks */,
				2BD17F05220DDA8B00DE15B0 /* Resources */,
			);
			buildRules = (
			);
			dependencies = (
			);
			name = gitExample2;
			productName = gitExample2;
			productReference = 2BD17F07220DDA8B00DE15B0 /* gitExample2.app */;
			productType = "com.apple.product-type.application";
		};
/* End PBXNativeTarget section */

/* Begin PBXProject section */
		2BD17EFF220DDA8B00DE15B0 /* Project object */ = {
			isa = PBXProject;
			attributes = {
				LastSwiftUpdateCheck = 1010;
				LastUpgradeCheck = 1010;
				ORGANIZATIONNAME = Ramu;
				TargetAttributes = {
					2BD17F06220DDA8B00DE15B0 = {
						CreatedOnToolsVersion = 10.1;
					};
				};
			};
			buildConfigurationList = 2BD17F02220DDA8B00DE15B0 /* Build configuration list for PBXProject "gitExample2" */;
			compatibilityVersion = "Xcode 9.3";
			developmentRegion = en;
			hasScannedForEncodings = 0;
			knownRegions = (
				en,
				Base,
			);
			mainGroup = 2BD17EFE220DDA8B00DE15B0;
			productRefGroup = 2BD17F08220DDA8B00DE15B0 /* Products */;
			projectDirPath = "";
			projectRoot = "";
			targets = (
				2BD17F06220DDA8B00DE15B0 /* gitExample2 */,
			);
		};
/* End PBXProject section */

/* Begin PBXResourcesBuildPhase section */
		2BD17F05220DDA8B00DE15B0 /* Resources */ = {
			isa = PBXResourcesBuildPhase;
			buildActionMask = 2147483647;
			files = (
				2BD17F15220DDA8C00DE15B0 /* LaunchScreen.storyboard in Resources */,
				2BD17F12220DDA8C00DE15B0 /* Assets.xcassets in Resources */,
				2BD17F10220DDA8B00DE15B0 /* Main.storyboard in Resources */,
			);
			runOnlyForDeploymentPostprocessing = 0;
		};
/* End PBXResourcesBuildPhase section */

/* Begin PBXSourcesBuildPhase section */
		2BD17F03220DDA8B00DE15B0 /* Sources */ = {
			isa = PBXSourcesBuildPhase;
			buildActionMask = 2147483647;
			files = (
				2BD17F1D220DDD4200DE15B0 /* APIkeys.swift in Sources */,
				2BD17F0D220DDA8B00DE15B0 /* ViewController.swift in Sources */,
				2BD17F0B220DDA8B00DE15B0 /* AppDelegate.swift in Sources */,
			);
			runOnlyForDeploymentPostprocessing = 0;
		};
/* End PBXSourcesBuildPhase section */

/* Begin PBXVariantGroup section */
		2BD17F0E220DDA8B00DE15B0 /* Main.storyboard */ = {
			isa = PBXVariantGroup;
			children = (
				2BD17F0F220DDA8B00DE15B0 /* Base */,
			);
			name = Main.storyboard;
			sourceTree = "<group>";
		};
		2BD17F13220DDA8C00DE15B0 /* LaunchScreen.storyboard */ = {
			isa = PBXVariantGroup;
			children = (
				2BD17F14220DDA8C00DE15B0 /* Base */,
			);
			name = LaunchScreen.storyboard;
			sourceTree = "<group>";
		};
/* End PBXVariantGroup section */

/* Begin XCBuildConfiguration section */
		2BD17F17220DDA8C00DE15B0 /* Debug */ = {
			isa = XCBuildConfiguration;
			buildSettings = {
				ALWAYS_SEARCH_USER_PATHS = NO;
				CLANG_ANALYZER_NONNULL = YES;
				CLANG_ANALYZER_NUMBER_OBJECT_CONVERSION = YES_AGGRESSIVE;
				CLANG_CXX_LANGUAGE_STANDARD = "gnu++14";
				CLANG_CXX_LIBRARY = "libc++";
				CLANG_ENABLE_MODULES = YES;
				CLANG_ENABLE_OBJC_ARC = YES;
				CLANG_ENABLE_OBJC_WEAK = YES;
				CLANG_WARN_BLOCK_CAPTURE_AUTORELEASING = YES;
				CLANG_WARN_BOOL_CONVERSION = YES;
				CLANG_WARN_COMMA = YES;
				CLANG_WARN_CONSTANT_CONVERSION = YES;
				CLANG_WARN_DEPRECATED_OBJC_IMPLEMENTATIONS = YES;
				CLANG_WARN_DIRECT_OBJC_ISA_USAGE = YES_ERROR;
				CLANG_WARN_DOCUMENTATION_COMMENTS = YES;
				CLANG_WARN_EMPTY_BODY = YES;
				CLANG_WARN_ENUM_CONVERSION = YES;
				CLANG_WARN_INFINITE_RECURSION = YES;
				CLANG_WARN_INT_CONVERSION = YES;
				CLANG_WARN_NON_LITERAL_NULL_CONVERSION = YES;
				CLANG_WARN_OBJC_IMPLICIT_RETAIN_SELF = YES;
				CLANG_WARN_OBJC_LITERAL_CONVERSION = YES;
				CLANG_WARN_OBJC_ROOT_CLASS = YES_ERROR;
				CLANG_WARN_RANGE_LOOP_ANALYSIS = YES;
				CLANG_WARN_STRICT_PROTOTYPES = YES;
				CLANG_WARN_SUSPICIOUS_MOVE = YES;
				CLANG_WARN_UNGUARDED_AVAILABILITY = YES_AGGRESSIVE;
				CLANG_WARN_UNREACHABLE_CODE = YES;
				CLANG_WARN__DUPLICATE_METHOD_MATCH = YES;
				CODE_SIGN_IDENTITY = "iPhone Developer";
				COPY_PHASE_STRIP = NO;
				DEBUG_INFORMATION_FORMAT = dwarf;
				ENABLE_STRICT_OBJC_MSGSEND = YES;
				ENABLE_TESTABILITY = YES;
				GCC_C_LANGUAGE_STANDARD = gnu11;
				GCC_DYNAMIC_NO_PIC = NO;
				GCC_NO_COMMON_BLOCKS = YES;
				GCC_OPTIMIZATION_LEVEL = 0;
				GCC_PREPROCESSOR_DEFINITIONS = (
					"DEBUG=1",
					"$(inherited)",
				);
				GCC_WARN_64_TO_32_BIT_CONVERSION = YES;
				GCC_WARN_ABOUT_RETURN_TYPE = YES_ERROR;
				GCC_WARN_UNDECLARED_SELECTOR = YES;
				GCC_WARN_UNINITIALIZED_AUTOS = YES_AGGRESSIVE;
				GCC_WARN_UNUSED_FUNCTION = YES;
				GCC_WARN_UNUSED_VARIABLE = YES;
				IPHONEOS_DEPLOYMENT_TARGET = 12.1;
				MTL_ENABLE_DEBUG_INFO = INCLUDE_SOURCE;
				MTL_FAST_MATH = YES;
				ONLY_ACTIVE_ARCH = YES;
				SDKROOT = iphoneos;
				SWIFT_ACTIVE_COMPILATION_CONDITIONS = DEBUG;
				SWIFT_OPTIMIZATION_LEVEL = "-Onone";
			};
			name = Debug;
		};
		2BD17F18220DDA8C00DE15B0 /* Release */ = {
			isa = XCBuildConfiguration;
			buildSettings = {
				ALWAYS_SEARCH_USER_PATHS = NO;
				CLANG_ANALYZER_NONNULL = YES;
				CLANG_ANALYZER_NUMBER_OBJECT_CONVERSION = YES_AGGRESSIVE;
				CLANG_CXX_LANGUAGE_STANDARD = "gnu++14";
				CLANG_CXX_LIBRARY = "libc++";
				CLANG_ENABLE_MODULES = YES;
				CLANG_ENABLE_OBJC_ARC = YES;
				CLANG_ENABLE_OBJC_WEAK = YES;
				CLANG_WARN_BLOCK_CAPTURE_AUTORELEASING = YES;
				CLANG_WARN_BOOL_CONVERSION = YES;
				CLANG_WARN_COMMA = YES;
				CLANG_WARN_CONSTANT_CONVERSION = YES;
				CLANG_WARN_DEPRECATED_OBJC_IMPLEMENTATIONS = YES;
				CLANG_WARN_DIRECT_OBJC_ISA_USAGE = YES_ERROR;
				CLANG_WARN_DOCUMENTATION_COMMENTS = YES;
				CLANG_WARN_EMPTY_BODY = YES;
				CLANG_WARN_ENUM_CONVERSION = YES;
				CLANG_WARN_INFINITE_RECURSION = YES;
				CLANG_WARN_INT_CONVERSION = YES;
				CLANG_WARN_NON_LITERAL_NULL_CONVERSION = YES;
				CLANG_WARN_OBJC_IMPLICIT_RETAIN_SELF = YES;
				CLANG_WARN_OBJC_LITERAL_CONVERSION = YES;
				CLANG_WARN_OBJC_ROOT_CLASS = YES_ERROR;
				CLANG_WARN_RANGE_LOOP_ANALYSIS = YES;
				CLANG_WARN_STRICT_PROTOTYPES = YES;
				CLANG_WARN_SUSPICIOUS_MOVE = YES;
				CLANG_WARN_UNGUARDED_AVAILABILITY = YES_AGGRESSIVE;
				CLANG_WARN_UNREACHABLE_CODE = YES;
				CLANG_WARN__DUPLICATE_METHOD_MATCH = YES;
				CODE_SIGN_IDENTITY = "iPhone Developer";
				COPY_PHASE_STRIP = NO;
				DEBUG_INFORMATION_FORMAT = "dwarf-with-dsym";
				ENABLE_NS_ASSERTIONS = NO;
				ENABLE_STRICT_OBJC_MSGSEND = YES;
				GCC_C_LANGUAGE_STANDARD = gnu11;
				GCC_NO_COMMON_BLOCKS = YES;
				GCC_WARN_64_TO_32_BIT_CONVERSION = YES;
				GCC_WARN_ABOUT_RETURN_TYPE = YES_ERROR;
				GCC_WARN_UNDECLARED_SELECTOR = YES;
				GCC_WARN_UNINITIALIZED_AUTOS = YES_AGGRESSIVE;
				GCC_WARN_UNUSED_FUNCTION = YES;
				GCC_WARN_UNUSED_VARIABLE = YES;
				IPHONEOS_DEPLOYMENT_TARGET = 12.1;
				MTL_ENABLE_DEBUG_INFO = NO;
				MTL_FAST_MATH = YES;
				SDKROOT = iphoneos;
				SWIFT_COMPILATION_MODE = wholemodule;
				SWIFT_OPTIMIZATION_LEVEL = "-O";
				VALIDATE_PRODUCT = YES;
			};
			name = Release;
		};
		2BD17F1A220DDA8C00DE15B0 /* Debug */ = {
			isa = XCBuildConfiguration;
			buildSettings = {
				ASSETCATALOG_COMPILER_APPICON_NAME = AppIcon;
				CODE_SIGN_STYLE = Automatic;
				DEVELOPMENT_TEAM = J5RSS76QPN;
				INFOPLIST_FILE = gitExample2/Info.plist;
				LD_RUNPATH_SEARCH_PATHS = (
					"$(inherited)",
					"@executable_path/Frameworks",
				);
				PRODUCT_BUNDLE_IDENTIFIER = Ramu.gitExample2;
				PRODUCT_NAME = "$(TARGET_NAME)";
				SWIFT_VERSION = 4.2;
				TARGETED_DEVICE_FAMILY = "1,2";
			};
			name = Debug;
		};
		2BD17F1B220DDA8C00DE15B0 /* Release */ = {
			isa = XCBuildConfiguration;
			buildSettings = {
				ASSETCATALOG_COMPILER_APPICON_NAME = AppIcon;
				CODE_SIGN_STYLE = Automatic;
				DEVELOPMENT_TEAM = J5RSS76QPN;
				INFOPLIST_FILE = gitExample2/Info.plist;
				LD_RUNPATH_SEARCH_PATHS = (
					"$(inherited)",
					"@executable_path/Frameworks",
				);
				PRODUCT_BUNDLE_IDENTIFIER = Ramu.gitExample2;
				PRODUCT_NAME = "$(TARGET_NAME)";
				SWIFT_VERSION = 4.2;
				TARGETED_DEVICE_FAMILY = "1,2";
			};
			name = Release;
		};
/* End XCBuildConfiguration section */

/* Begin XCConfigurationList section */
		2BD17F02220DDA8B00DE15B0 /* Build configuration list for PBXProject "gitExample2" */ = {
			isa = XCConfigurationList;
			buildConfigurations = (
				2BD17F17220DDA8C00DE15B0 /* Debug */,
				2BD17F18220DDA8C00DE15B0 /* Release */,
			);
			defaultConfigurationIsVisible = 0;
			defaultConfigurationName = Release;
		};
		2BD17F19220DDA8C00DE15B0 /* Build configuration list for PBXNativeTarget "gitExample2" */ = {
			isa = XCConfigurationList;
			buildConfigurations = (
				2BD17F1A220DDA8C00DE15B0 /* Debug */,
				2BD17F1B220DDA8C00DE15B0 /* Release */,
			);
			defaultConfigurationIsVisible = 0;
			defaultConfigurationName = Release;
		};
/* End XCConfigurationList section */
	};
	rootObject = 2BD17EFF220DDA8B00DE15B0 /* Project object */;
}
